
Microsoft Visual Studio Solution File, Format Version 12.00
# Visual Studio Express 2012 for Windows Desktop
Project("{FAE04EC0-301F-11D3-BF4B-00C04F79EFBC}") = "ExtraFront", "ExtraFront\ExtraFront.csproj", "{DD31B31D-B873-4C39-A130-60ADC42753A0}"
EndProject
Project("{FAE04EC0-301F-11D3-BF4B-00C04F79EFBC}") = "Without2", "Without2\Without2.csproj", "{B654E589-9728-4500-9C4E-80EBAFE828DD}"
EndProject
Project("{FAE04EC0-301F-11D3-BF4B-00C04F79EFBC}") = "StartWord", "StartWord\StartWord.csproj", "{3956D1A3-4043-4D88-A8A1-F98340D6345B}"
EndProject
Project("{FAE04EC0-301F-11D3-BF4B-00C04F79EFBC}") = "DeFront", "DeFront\DeFront.csproj", "{1E411183-8CFF-4CE7-98EA-A850FA68691C}"
EndProject
Project("{FAE04EC0-301F-11D3-BF4B-00C04F79EFBC}") = "MinCat", "MinCat\MinCat.csproj", "{A3434B80-A866-4C61-AC55-6B201B8BB734}"
EndProject
Project("{FAE04EC0-301F-11D3-BF4B-00C04F79EFBC}") = "WithoutX", "WithoutX\WithoutX.csproj", "{0213509A-F677-4EB0-BD69-959BCD23E669}"
EndProject
Project("{FAE04EC0-301F-11D3-BF4B-00C04F79EFBC}") = "CloseFar", "CloseFar\CloseFar.csproj", "{1F71E42E-E874-4E60-A57F-DC64D69227B7}"
EndProject
Project("{FAE04EC0-301F-11D3-BF4B-00C04F79EFBC}") = "DoubleChar", "DoubleChar\DoubleChar.csproj", "{861F745A-5810-4A68-A745-8F7044EAA54A}"
EndProject
Project("{FAE04EC0-301F-11D3-BF4B-00C04F79EFBC}") = "CountHi", "CountHi\CountHi.csproj", "{E377C6DD-5FC8-41B9-9F2A-2A8BE7A65229}"
EndProject
Project("{FAE04EC0-301F-11D3-BF4B-00C04F79EFBC}") = "CatDog", "CatDog\CatDog.csproj", "{FCDA1C10-40D5-4954-A94D-CF4C18F00B33}"
EndProject
Project("{FAE04EC0-301F-11D3-BF4B-00C04F79EFBC}") = "CountCode", "CountCode\CountCode.csproj", "{F7B8F2B9-7658-497F-9E0B-5C93507EE758}"
EndProject
Project("{FAE04EC0-301F-11D3-BF4B-00C04F79EFBC}") = "EndOther", "EndOther\EndOther.csproj", "{49727DAE-9F2C-43B3-9A86-FD7079C53FED}"
EndProject
Project("{FAE04EC0-301F-11D3-BF4B-00C04F79EFBC}") = "BobThere", "BobThere\BobThere.csproj", "{D4951172-1650-4460-A338-7FD18222FA24}"
EndProject
Project("{FAE04EC0-301F-11D3-BF4B-00C04F79EFBC}") = "XyBalance", "XyBalance\XyBalance.csproj", "{6FB07E2C-2DBE-4EE5-A3AE-A23B2AD17E15}"
EndProject
Project("{FAE04EC0-301F-11D3-BF4B-00C04F79EFBC}") = "MixString", "MixString\MixString.csproj", "{FAB5E4AD-576E-4CF8-8409-9A9E4DC2BD0F}"
EndProject
Project("{FAE04EC0-301F-11D3-BF4B-00C04F79EFBC}") = "RepeatEnd", "RepeatEnd\RepeatEnd.csproj", "{9C5D83B3-A216-4BD3-856A-11CA2DA34778}"
EndProject
Project("{FAE04EC0-301F-11D3-BF4B-00C04F79EFBC}") = "RepeatFront", "RepeatFront\RepeatFront.csproj", "{05743EEA-F75A-4EB4-A7E9-9742A5B6B71B}"
EndProject
Project("{FAE04EC0-301F-11D3-BF4B-00C04F79EFBC}") = "RepeatSeparator", "RepeatSeparator\RepeatSeparator.csproj", "{105F9271-E175-45EA-8FE4-196F14A5E65C}"
EndProject
Project("{FAE04EC0-301F-11D3-BF4B-00C04F79EFBC}") = "PrefixAgain", "PrefixAgain\PrefixAgain.csproj", "{A8CD1919-7DD5-411E-884C-38B1B50A8E1E}"
EndProject
Project("{FAE04EC0-301F-11D3-BF4B-00C04F79EFBC}") = "XyzMiddle", "XyzMiddle\XyzMiddle.csproj", "{80BCE4A9-4FD7-42AC-8AF2-DCE31D5EF42B}"
EndProject
Project("{FAE04EC0-301F-11D3-BF4B-00C04F79EFBC}") = "Twotwo", "Twotwo\Twotwo.csproj", "{A51A2D22-4307-4A69-8DD7-F4906EC5D4F7}"
EndProject
Project("{FAE04EC0-301F-11D3-BF4B-00C04F79EFBC}") = "IsEverywhere", "IsEverywhere\IsEverywhere.csproj", "{0399BCE1-F536-47AD-B868-43CCCB9D29F3}"
EndProject
Project("{FAE04EC0-301F-11D3-BF4B-00C04F79EFBC}") = "GetSandwich", "GetSandwich\GetSandwich.csproj", "{4D0AE543-DF17-466C-B411-28D23B6E3D0E}"
EndProject
Project("{FAE04EC0-301F-11D3-BF4B-00C04F79EFBC}") = "SameStarChar", "SameStarChar\SameStarChar.csproj", "{FFC22A44-BB04-4957-B09F-E70594C177CC}"
EndProject
Project("{FAE04EC0-301F-11D3-BF4B-00C04F79EFBC}") = "StarOut", "StarOut\StarOut.csproj", "{1DF644AE-B483-4746-9EE0-12E753B64586}"
EndProject
Project("{FAE04EC0-301F-11D3-BF4B-00C04F79EFBC}") = "WordEnds", "WordEnds\WordEnds.csproj", "{DDE8D6EE-2DB9-43DB-8891-DF4EE31FE80F}"
EndProject
Global
	GlobalSection(SolutionConfigurationPlatforms) = preSolution
		Debug|Any CPU = Debug|Any CPU
		Release|Any CPU = Release|Any CPU
	EndGlobalSection
	GlobalSection(ProjectConfigurationPlatforms) = postSolution
		{DD31B31D-B873-4C39-A130-60ADC42753A0}.Debug|Any CPU.ActiveCfg = Debug|Any CPU
		{DD31B31D-B873-4C39-A130-60ADC42753A0}.Debug|Any CPU.Build.0 = Debug|Any CPU
		{DD31B31D-B873-4C39-A130-60ADC42753A0}.Release|Any CPU.ActiveCfg = Release|Any CPU
		{DD31B31D-B873-4C39-A130-60ADC42753A0}.Release|Any CPU.Build.0 = Release|Any CPU
		{B654E589-9728-4500-9C4E-80EBAFE828DD}.Debug|Any CPU.ActiveCfg = Debug|Any CPU
		{B654E589-9728-4500-9C4E-80EBAFE828DD}.Debug|Any CPU.Build.0 = Debug|Any CPU
		{B654E589-9728-4500-9C4E-80EBAFE828DD}.Release|Any CPU.ActiveCfg = Release|Any CPU
		{B654E589-9728-4500-9C4E-80EBAFE828DD}.Release|Any CPU.Build.0 = Release|Any CPU
		{3956D1A3-4043-4D88-A8A1-F98340D6345B}.Debug|Any CPU.ActiveCfg = Debug|Any CPU
		{3956D1A3-4043-4D88-A8A1-F98340D6345B}.Debug|Any CPU.Build.0 = Debug|Any CPU
		{3956D1A3-4043-4D88-A8A1-F98340D6345B}.Release|Any CPU.ActiveCfg = Release|Any CPU
		{3956D1A3-4043-4D88-A8A1-F98340D6345B}.Release|Any CPU.Build.0 = Release|Any CPU
		{1E411183-8CFF-4CE7-98EA-A850FA68691C}.Debug|Any CPU.ActiveCfg = Debug|Any CPU
		{1E411183-8CFF-4CE7-98EA-A850FA68691C}.Debug|Any CPU.Build.0 = Debug|Any CPU
		{1E411183-8CFF-4CE7-98EA-A850FA68691C}.Release|Any CPU.ActiveCfg = Release|Any CPU
		{1E411183-8CFF-4CE7-98EA-A850FA68691C}.Release|Any CPU.Build.0 = Release|Any CPU
		{A3434B80-A866-4C61-AC55-6B201B8BB734}.Debug|Any CPU.ActiveCfg = Debug|Any CPU
		{A3434B80-A866-4C61-AC55-6B201B8BB734}.Debug|Any CPU.Build.0 = Debug|Any CPU
		{A3434B80-A866-4C61-AC55-6B201B8BB734}.Release|Any CPU.ActiveCfg = Release|Any CPU
		{A3434B80-A866-4C61-AC55-6B201B8BB734}.Release|Any CPU.Build.0 = Release|Any CPU
		{0213509A-F677-4EB0-BD69-959BCD23E669}.Debug|Any CPU.ActiveCfg = Debug|Any CPU
		{0213509A-F677-4EB0-BD69-959BCD23E669}.Debug|Any CPU.Build.0 = Debug|Any CPU
		{0213509A-F677-4EB0-BD69-959BCD23E669}.Release|Any CPU.ActiveCfg = Release|Any CPU
		{0213509A-F677-4EB0-BD69-959BCD23E669}.Release|Any CPU.Build.0 = Release|Any CPU
		{1F71E42E-E874-4E60-A57F-DC64D69227B7}.Debug|Any CPU.ActiveCfg = Debug|Any CPU
		{1F71E42E-E874-4E60-A57F-DC64D69227B7}.Debug|Any CPU.Build.0 = Debug|Any CPU
		{1F71E42E-E874-4E60-A57F-DC64D69227B7}.Release|Any CPU.ActiveCfg = Release|Any CPU
		{1F71E42E-E874-4E60-A57F-DC64D69227B7}.Release|Any CPU.Build.0 = Release|Any CPU
		{861F745A-5810-4A68-A745-8F7044EAA54A}.Debug|Any CPU.ActiveCfg = Debug|Any CPU
		{861F745A-5810-4A68-A745-8F7044EAA54A}.Debug|Any CPU.Build.0 = Debug|Any CPU
		{861F745A-5810-4A68-A745-8F7044EAA54A}.Release|Any CPU.ActiveCfg = Release|Any CPU
		{861F745A-5810-4A68-A745-8F7044EAA54A}.Release|Any CPU.Build.0 = Release|Any CPU
		{E377C6DD-5FC8-41B9-9F2A-2A8BE7A65229}.Debug|Any CPU.ActiveCfg = Debug|Any CPU
		{E377C6DD-5FC8-41B9-9F2A-2A8BE7A65229}.Debug|Any CPU.Build.0 = Debug|Any CPU
		{E377C6DD-5FC8-41B9-9F2A-2A8BE7A65229}.Release|Any CPU.ActiveCfg = Release|Any CPU
		{E377C6DD-5FC8-41B9-9F2A-2A8BE7A65229}.Release|Any CPU.Build.0 = Release|Any CPU
		{FCDA1C10-40D5-4954-A94D-CF4C18F00B33}.Debug|Any CPU.ActiveCfg = Debug|Any CPU
		{FCDA1C10-40D5-4954-A94D-CF4C18F00B33}.Debug|Any CPU.Build.0 = Debug|Any CPU
		{FCDA1C10-40D5-4954-A94D-CF4C18F00B33}.Release|Any CPU.ActiveCfg = Release|Any CPU
		{FCDA1C10-40D5-4954-A94D-CF4C18F00B33}.Release|Any CPU.Build.0 = Release|Any CPU
		{F7B8F2B9-7658-497F-9E0B-5C93507EE758}.Debug|Any CPU.ActiveCfg = Debug|Any CPU
		{F7B8F2B9-7658-497F-9E0B-5C93507EE758}.Debug|Any CPU.Build.0 = Debug|Any CPU
		{F7B8F2B9-7658-497F-9E0B-5C93507EE758}.Release|Any CPU.ActiveCfg = Release|Any CPU
		{F7B8F2B9-7658-497F-9E0B-5C93507EE758}.Release|Any CPU.Build.0 = Release|Any CPU
		{49727DAE-9F2C-43B3-9A86-FD7079C53FED}.Debug|Any CPU.ActiveCfg = Debug|Any CPU
		{49727DAE-9F2C-43B3-9A86-FD7079C53FED}.Debug|Any CPU.Build.0 = Debug|Any CPU
		{49727DAE-9F2C-43B3-9A86-FD7079C53FED}.Release|Any CPU.ActiveCfg = Release|Any CPU
		{49727DAE-9F2C-43B3-9A86-FD7079C53FED}.Release|Any CPU.Build.0 = Release|Any CPU
		{D4951172-1650-4460-A338-7FD18222FA24}.Debug|Any CPU.ActiveCfg = Debug|Any CPU
		{D4951172-1650-4460-A338-7FD18222FA24}.Debug|Any CPU.Build.0 = Debug|Any CPU
		{D4951172-1650-4460-A338-7FD18222FA24}.Release|Any CPU.ActiveCfg = Release|Any CPU
		{D4951172-1650-4460-A338-7FD18222FA24}.Release|Any CPU.Build.0 = Release|Any CPU
		{6FB07E2C-2DBE-4EE5-A3AE-A23B2AD17E15}.Debug|Any CPU.ActiveCfg = Debug|Any CPU
		{6FB07E2C-2DBE-4EE5-A3AE-A23B2AD17E15}.Debug|Any CPU.Build.0 = Debug|Any CPU
		{6FB07E2C-2DBE-4EE5-A3AE-A23B2AD17E15}.Release|Any CPU.ActiveCfg = Release|Any CPU
		{6FB07E2C-2DBE-4EE5-A3AE-A23B2AD17E15}.Release|Any CPU.Build.0 = Release|Any CPU
		{FAB5E4AD-576E-4CF8-8409-9A9E4DC2BD0F}.Debug|Any CPU.ActiveCfg = Debug|Any CPU
		{FAB5E4AD-576E-4CF8-8409-9A9E4DC2BD0F}.Debug|Any CPU.Build.0 = Debug|Any CPU
		{FAB5E4AD-576E-4CF8-8409-9A9E4DC2BD0F}.Release|Any CPU.ActiveCfg = Release|Any CPU
		{FAB5E4AD-576E-4CF8-8409-9A9E4DC2BD0F}.Release|Any CPU.Build.0 = Release|Any CPU
		{9C5D83B3-A216-4BD3-856A-11CA2DA34778}.Debug|Any CPU.ActiveCfg = Debug|Any CPU
		{9C5D83B3-A216-4BD3-856A-11CA2DA34778}.Debug|Any CPU.Build.0 = Debug|Any CPU
		{9C5D83B3-A216-4BD3-856A-11CA2DA34778}.Release|Any CPU.ActiveCfg = Release|Any CPU
		{9C5D83B3-A216-4BD3-856A-11CA2DA34778}.Release|Any CPU.Build.0 = Release|Any CPU
		{05743EEA-F75A-4EB4-A7E9-9742A5B6B71B}.Debug|Any CPU.ActiveCfg = Debug|Any CPU
		{05743EEA-F75A-4EB4-A7E9-9742A5B6B71B}.Debug|Any CPU.Build.0 = Debug|Any CPU
		{05743EEA-F75A-4EB4-A7E9-9742A5B6B71B}.Release|Any CPU.ActiveCfg = Release|Any CPU
		{05743EEA-F75A-4EB4-A7E9-9742A5B6B71B}.Release|Any CPU.Build.0 = Release|Any CPU
		{105F9271-E175-45EA-8FE4-196F14A5E65C}.Debug|Any CPU.ActiveCfg = Debug|Any CPU
		{105F9271-E175-45EA-8FE4-196F14A5E65C}.Debug|Any CPU.Build.0 = Debug|Any CPU
		{105F9271-E175-45EA-8FE4-196F14A5E65C}.Release|Any CPU.ActiveCfg = Release|Any CPU
		{105F9271-E175-45EA-8FE4-196F14A5E65C}.Release|Any CPU.Build.0 = Release|Any CPU
		{A8CD1919-7DD5-411E-884C-38B1B50A8E1E}.Debug|Any CPU.ActiveCfg = Debug|Any CPU
		{A8CD1919-7DD5-411E-884C-38B1B50A8E1E}.Debug|Any CPU.Build.0 = Debug|Any CPU
		{A8CD1919-7DD5-411E-884C-38B1B50A8E1E}.Release|Any CPU.ActiveCfg = Release|Any CPU
		{A8CD1919-7DD5-411E-884C-38B1B50A8E1E}.Release|Any CPU.Build.0 = Release|Any CPU
		{80BCE4A9-4FD7-42AC-8AF2-DCE31D5EF42B}.Debug|Any CPU.ActiveCfg = Debug|Any CPU
		{80BCE4A9-4FD7-42AC-8AF2-DCE31D5EF42B}.Debug|Any CPU.Build.0 = Debug|Any CPU
		{80BCE4A9-4FD7-42AC-8AF2-DCE31D5EF42B}.Release|Any CPU.ActiveCfg = Release|Any CPU
		{80BCE4A9-4FD7-42AC-8AF2-DCE31D5EF42B}.Release|Any CPU.Build.0 = Release|Any CPU
		{A51A2D22-4307-4A69-8DD7-F4906EC5D4F7}.Debug|Any CPU.ActiveCfg = Debug|Any CPU
		{A51A2D22-4307-4A69-8DD7-F4906EC5D4F7}.Debug|Any CPU.Build.0 = Debug|Any CPU
		{A51A2D22-4307-4A69-8DD7-F4906EC5D4F7}.Release|Any CPU.ActiveCfg = Release|Any CPU
		{A51A2D22-4307-4A69-8DD7-F4906EC5D4F7}.Release|Any CPU.Build.0 = Release|Any CPU
		{0399BCE1-F536-47AD-B868-43CCCB9D29F3}.Debug|Any CPU.ActiveCfg = Debug|Any CPU
		{0399BCE1-F536-47AD-B868-43CCCB9D29F3}.Debug|Any CPU.Build.0 = Debug|Any CPU
		{0399BCE1-F536-47AD-B868-43CCCB9D29F3}.Release|Any CPU.ActiveCfg = Release|Any CPU
		{0399BCE1-F536-47AD-B868-43CCCB9D29F3}.Release|Any CPU.Build.0 = Release|Any CPU
		{4D0AE543-DF17-466C-B411-28D23B6E3D0E}.Debug|Any CPU.ActiveCfg = Debug|Any CPU
		{4D0AE543-DF17-466C-B411-28D23B6E3D0E}.Debug|Any CPU.Build.0 = Debug|Any CPU
		{4D0AE543-DF17-466C-B411-28D23B6E3D0E}.Release|Any CPU.ActiveCfg = Release|Any CPU
		{4D0AE543-DF17-466C-B411-28D23B6E3D0E}.Release|Any CPU.Build.0 = Release|Any CPU
		{FFC22A44-BB04-4957-B09F-E70594C177CC}.Debug|Any CPU.ActiveCfg = Debug|Any CPU
		{FFC22A44-BB04-4957-B09F-E70594C177CC}.Debug|Any CPU.Build.0 = Debug|Any CPU
		{FFC22A44-BB04-4957-B09F-E70594C177CC}.Release|Any CPU.ActiveCfg = Release|Any CPU
		{FFC22A44-BB04-4957-B09F-E70594C177CC}.Release|Any CPU.Build.0 = Release|Any CPU
		{1DF644AE-B483-4746-9EE0-12E753B64586}.Debug|Any CPU.ActiveCfg = Debug|Any CPU
		{1DF644AE-B483-4746-9EE0-12E753B64586}.Debug|Any CPU.Build.0 = Debug|Any CPU
		{1DF644AE-B483-4746-9EE0-12E753B64586}.Release|Any CPU.ActiveCfg = Release|Any CPU
		{1DF644AE-B483-4746-9EE0-12E753B64586}.Release|Any CPU.Build.0 = Release|Any CPU
		{DDE8D6EE-2DB9-43DB-8891-DF4EE31FE80F}.Debug|Any CPU.ActiveCfg = Debug|Any CPU
		{DDE8D6EE-2DB9-43DB-8891-DF4EE31FE80F}.Debug|Any CPU.Build.0 = Debug|Any CPU
		{DDE8D6EE-2DB9-43DB-8891-DF4EE31FE80F}.Release|Any CPU.ActiveCfg = Release|Any CPU
		{DDE8D6EE-2DB9-43DB-8891-DF4EE31FE80F}.Release|Any CPU.Build.0 = Release|Any CPU
	EndGlobalSection
	GlobalSection(SolutionProperties) = preSolution
		HideSolutionNode = FALSE
	EndGlobalSection
EndGlobal
